
Microsoft Visual Studio Solution File, Format Version 12.00
# Visual Studio Version 16
VisualStudioVersion = 16.0.33027.164
MinimumVisualStudioVersion = 10.0.40219.1
Project("{FAE04EC0-301F-11D3-BF4B-00C04F79EFBC}") = "Tek Data Mgr", "Tek Data Mgr\Tek Data Mgr.csproj", "{F962620A-7D9F-461F-9039-98F402027444}"
EndProject
Global
	GlobalSection(SolutionConfigurationPlatforms) = preSolution
		Debug|Any CPU = Debug|Any CPU
		Release|Any CPU = Release|Any CPU
	EndGlobalSection
	GlobalSection(ProjectConfigurationPlatforms) = postSolution
		{F962620A-7D9F-461F-9039-98F402027444}.Debug|Any CPU.ActiveCfg = Debug|Any CPU
		{F962620A-7D9F-461F-9039-98F402027444}.Debug|Any CPU.Build.0 = Debug|Any CPU
		{F962620A-7D9F-461F-9039-98F402027444}.Release|Any CPU.ActiveCfg = Release|Any CPU
		{F962620A-7D9F-461F-9039-98F402027444}.Release|Any CPU.Build.0 = Release|Any CPU
	EndGlobalSection
	GlobalSection(SolutionProperties) = preSolution
		HideSolutionNode = FALSE
	EndGlobalSection
	GlobalSection(ExtensibilityGlobals) = postSolution
		SolutionGuid = {1EEAA680-9D23-4B96-81A0-640F36527AFA}
	EndGlobalSection
EndGlobal
